
Microsoft Visual Studio Solution File, Format Version 12.00
# Visual Studio Version 17
VisualStudioVersion = 17.7.34202.233
MinimumVisualStudioVersion = 10.0.40219.1
Project("{FAE04EC0-301F-11D3-BF4B-00C04F79EFBC}") = "dotnetapplication", "dotnetapplication\dotnetapplication.csproj", "{09826EE2-5DCD-4DAB-BB60-4C07B47FD63E}"
EndProject
Global
	GlobalSection(SolutionConfigurationPlatforms) = preSolution
		Debug|Any CPU = Debug|Any CPU
		Release|Any CPU = Release|Any CPU
	EndGlobalSection
	GlobalSection(ProjectConfigurationPlatforms) = postSolution
		{09826EE2-5DCD-4DAB-BB60-4C07B47FD63E}.Debug|Any CPU.ActiveCfg = Debug|Any CPU
		{09826EE2-5DCD-4DAB-BB60-4C07B47FD63E}.Debug|Any CPU.Build.0 = Debug|Any CPU
		{09826EE2-5DCD-4DAB-BB60-4C07B47FD63E}.Release|Any CPU.ActiveCfg = Release|Any CPU
		{09826EE2-5DCD-4DAB-BB60-4C07B47FD63E}.Release|Any CPU.Build.0 = Release|Any CPU
	EndGlobalSection
	GlobalSection(SolutionProperties) = preSolution
		HideSolutionNode = FALSE
	EndGlobalSection
	GlobalSection(ExtensibilityGlobals) = postSolution
		SolutionGuid = {898192A6-CD45-4A0F-888E-F0DCB9857C69}
	EndGlobalSection
EndGlobal
